
Microsoft Visual Studio Solution File, Format Version 12.00
Project("{FAE04EC0-301F-11D3-BF4B-00C04F79EFBC}") = "A1 Pierwszy program", "A1 Pierwszy program\A1 Pierwszy program.csproj", "{BA514C8B-7863-4A53-BFFE-C2AF00224D43}"
EndProject
Project("{FAE04EC0-301F-11D3-BF4B-00C04F79EFBC}") = "A2 Komentarze", "A2 Komentarze\A2 Komentarze.csproj", "{EF73D02A-2C3D-46B0-A474-C3F802F467B0}"
EndProject
Project("{FAE04EC0-301F-11D3-BF4B-00C04F79EFBC}") = "B1 Zmienne", "B1 Zmienne\B1 Zmienne.csproj", "{A9588075-E60C-4969-BE61-59C37669E770}"
EndProject
Project("{FAE04EC0-301F-11D3-BF4B-00C04F79EFBC}") = "B2 Typy zmiennych", "B2 Typy zmiennych\B2 Typy zmiennych.csproj", "{2DA92A76-E720-40F0-960E-565F2FD4130E}"
EndProject
Project("{FAE04EC0-301F-11D3-BF4B-00C04F79EFBC}") = "B3 Operatory arytmetyczne", "B3 Operatory arytmetyczne\B3 Operatory arytmetyczne.csproj", "{665E44E0-0F96-4E6A-9716-2C863D8F5F75}"
EndProject
Project("{FAE04EC0-301F-11D3-BF4B-00C04F79EFBC}") = "B4 Wczytywanie danych z konsoli", "B4 Wczytywanie danych z konsoli\B4 Wczytywanie danych z konsoli.csproj", "{F543EACF-514F-420B-AB87-725E0D68ED92}"
EndProject
Project("{FAE04EC0-301F-11D3-BF4B-00C04F79EFBC}") = "C1 Tablice jednowymiarowe", "C1 Tablice jednowymiarowe\C1 Tablice jednowymiarowe.csproj", "{BF1E5218-A2E5-49CB-A641-1237792C79D0}"
EndProject
Project("{FAE04EC0-301F-11D3-BF4B-00C04F79EFBC}") = "C2 Tablice wielowymiarowe", "C2 Tablice wielowymiarowe\C2 Tablice wielowymiarowe.csproj", "{1C6E226D-3C1B-40FE-98F6-B07313EAA419}"
EndProject
Project("{FAE04EC0-301F-11D3-BF4B-00C04F79EFBC}") = "D1 Instrukcja if", "D1 Instrukcja if\D1 Instrukcja if.csproj", "{F05071D7-B529-4F01-B85B-B760E3D2909F}"
EndProject
Project("{FAE04EC0-301F-11D3-BF4B-00C04F79EFBC}") = "D2 Instrukcja switch", "D2 Instrukcja switch\D2 Instrukcja switch.csproj", "{D6604D40-8C04-4611-898F-4B79EF98579D}"
EndProject
Project("{FAE04EC0-301F-11D3-BF4B-00C04F79EFBC}") = "D3 Wyrażenia warunkowe", "D3 Wyrażenia warunkowe\D3 Wyrażenia warunkowe.csproj", "{BC944AF5-318D-42BA-B554-1F7A42D850BF}"
EndProject
Project("{FAE04EC0-301F-11D3-BF4B-00C04F79EFBC}") = "D4 Operatory relacyjne", "D4 Operatory relacyjne\D4 Operatory relacyjne.csproj", "{A4EF3798-88EC-4FC9-B7A3-912BEE57A0EE}"
EndProject
Project("{FAE04EC0-301F-11D3-BF4B-00C04F79EFBC}") = "D5 Operatory logiczne", "D5 Operatory logiczne\D5 Operatory logiczne.csproj", "{89034B16-3E05-4239-930C-9CB9BCD2FE4B}"
EndProject
Project("{FAE04EC0-301F-11D3-BF4B-00C04F79EFBC}") = "E1 Petla for", "E1 Petla for\E1 Petla for.csproj", "{F28C2033-8142-483D-90BC-49E2C8EFEAF1}"
EndProject
Global
	GlobalSection(SolutionConfigurationPlatforms) = preSolution
		Debug|Any CPU = Debug|Any CPU
		Release|Any CPU = Release|Any CPU
	EndGlobalSection
	GlobalSection(ProjectConfigurationPlatforms) = postSolution
		{BA514C8B-7863-4A53-BFFE-C2AF00224D43}.Debug|Any CPU.ActiveCfg = Debug|Any CPU
		{BA514C8B-7863-4A53-BFFE-C2AF00224D43}.Debug|Any CPU.Build.0 = Debug|Any CPU
		{BA514C8B-7863-4A53-BFFE-C2AF00224D43}.Release|Any CPU.ActiveCfg = Release|Any CPU
		{BA514C8B-7863-4A53-BFFE-C2AF00224D43}.Release|Any CPU.Build.0 = Release|Any CPU
		{EF73D02A-2C3D-46B0-A474-C3F802F467B0}.Debug|Any CPU.ActiveCfg = Debug|Any CPU
		{EF73D02A-2C3D-46B0-A474-C3F802F467B0}.Debug|Any CPU.Build.0 = Debug|Any CPU
		{EF73D02A-2C3D-46B0-A474-C3F802F467B0}.Release|Any CPU.ActiveCfg = Release|Any CPU
		{EF73D02A-2C3D-46B0-A474-C3F802F467B0}.Release|Any CPU.Build.0 = Release|Any CPU
		{A9588075-E60C-4969-BE61-59C37669E770}.Debug|Any CPU.ActiveCfg = Debug|Any CPU
		{A9588075-E60C-4969-BE61-59C37669E770}.Debug|Any CPU.Build.0 = Debug|Any CPU
		{A9588075-E60C-4969-BE61-59C37669E770}.Release|Any CPU.ActiveCfg = Release|Any CPU
		{A9588075-E60C-4969-BE61-59C37669E770}.Release|Any CPU.Build.0 = Release|Any CPU
		{2DA92A76-E720-40F0-960E-565F2FD4130E}.Debug|Any CPU.ActiveCfg = Debug|Any CPU
		{2DA92A76-E720-40F0-960E-565F2FD4130E}.Debug|Any CPU.Build.0 = Debug|Any CPU
		{2DA92A76-E720-40F0-960E-565F2FD4130E}.Release|Any CPU.ActiveCfg = Release|Any CPU
		{2DA92A76-E720-40F0-960E-565F2FD4130E}.Release|Any CPU.Build.0 = Release|Any CPU
		{665E44E0-0F96-4E6A-9716-2C863D8F5F75}.Debug|Any CPU.ActiveCfg = Debug|Any CPU
		{665E44E0-0F96-4E6A-9716-2C863D8F5F75}.Debug|Any CPU.Build.0 = Debug|Any CPU
		{665E44E0-0F96-4E6A-9716-2C863D8F5F75}.Release|Any CPU.ActiveCfg = Release|Any CPU
		{665E44E0-0F96-4E6A-9716-2C863D8F5F75}.Release|Any CPU.Build.0 = Release|Any CPU
		{F543EACF-514F-420B-AB87-725E0D68ED92}.Debug|Any CPU.ActiveCfg = Debug|Any CPU
		{F543EACF-514F-420B-AB87-725E0D68ED92}.Debug|Any CPU.Build.0 = Debug|Any CPU
		{F543EACF-514F-420B-AB87-725E0D68ED92}.Release|Any CPU.ActiveCfg = Release|Any CPU
		{F543EACF-514F-420B-AB87-725E0D68ED92}.Release|Any CPU.Build.0 = Release|Any CPU
		{BF1E5218-A2E5-49CB-A641-1237792C79D0}.Debug|Any CPU.ActiveCfg = Debug|Any CPU
		{BF1E5218-A2E5-49CB-A641-1237792C79D0}.Debug|Any CPU.Build.0 = Debug|Any CPU
		{BF1E5218-A2E5-49CB-A641-1237792C79D0}.Release|Any CPU.ActiveCfg = Release|Any CPU
		{BF1E5218-A2E5-49CB-A641-1237792C79D0}.Release|Any CPU.Build.0 = Release|Any CPU
		{1C6E226D-3C1B-40FE-98F6-B07313EAA419}.Debug|Any CPU.ActiveCfg = Debug|Any CPU
		{1C6E226D-3C1B-40FE-98F6-B07313EAA419}.Debug|Any CPU.Build.0 = Debug|Any CPU
		{1C6E226D-3C1B-40FE-98F6-B07313EAA419}.Release|Any CPU.ActiveCfg = Release|Any CPU
		{1C6E226D-3C1B-40FE-98F6-B07313EAA419}.Release|Any CPU.Build.0 = Release|Any CPU
		{F05071D7-B529-4F01-B85B-B760E3D2909F}.Debug|Any CPU.ActiveCfg = Debug|Any CPU
		{F05071D7-B529-4F01-B85B-B760E3D2909F}.Debug|Any CPU.Build.0 = Debug|Any CPU
		{F05071D7-B529-4F01-B85B-B760E3D2909F}.Release|Any CPU.ActiveCfg = Release|Any CPU
		{F05071D7-B529-4F01-B85B-B760E3D2909F}.Release|Any CPU.Build.0 = Release|Any CPU
		{D6604D40-8C04-4611-898F-4B79EF98579D}.Debug|Any CPU.ActiveCfg = Debug|Any CPU
		{D6604D40-8C04-4611-898F-4B79EF98579D}.Debug|Any CPU.Build.0 = Debug|Any CPU
		{D6604D40-8C04-4611-898F-4B79EF98579D}.Release|Any CPU.ActiveCfg = Release|Any CPU
		{D6604D40-8C04-4611-898F-4B79EF98579D}.Release|Any CPU.Build.0 = Release|Any CPU
		{BC944AF5-318D-42BA-B554-1F7A42D850BF}.Debug|Any CPU.ActiveCfg = Debug|Any CPU
		{BC944AF5-318D-42BA-B554-1F7A42D850BF}.Debug|Any CPU.Build.0 = Debug|Any CPU
		{BC944AF5-318D-42BA-B554-1F7A42D850BF}.Release|Any CPU.ActiveCfg = Release|Any CPU
		{BC944AF5-318D-42BA-B554-1F7A42D850BF}.Release|Any CPU.Build.0 = Release|Any CPU
		{A4EF3798-88EC-4FC9-B7A3-912BEE57A0EE}.Debug|Any CPU.ActiveCfg = Debug|Any CPU
		{A4EF3798-88EC-4FC9-B7A3-912BEE57A0EE}.Debug|Any CPU.Build.0 = Debug|Any CPU
		{A4EF3798-88EC-4FC9-B7A3-912BEE57A0EE}.Release|Any CPU.ActiveCfg = Release|Any CPU
		{A4EF3798-88EC-4FC9-B7A3-912BEE57A0EE}.Release|Any CPU.Build.0 = Release|Any CPU
		{89034B16-3E05-4239-930C-9CB9BCD2FE4B}.Debug|Any CPU.ActiveCfg = Debug|Any CPU
		{89034B16-3E05-4239-930C-9CB9BCD2FE4B}.Debug|Any CPU.Build.0 = Debug|Any CPU
		{89034B16-3E05-4239-930C-9CB9BCD2FE4B}.Release|Any CPU.ActiveCfg = Release|Any CPU
		{89034B16-3E05-4239-930C-9CB9BCD2FE4B}.Release|Any CPU.Build.0 = Release|Any CPU
		{F28C2033-8142-483D-90BC-49E2C8EFEAF1}.Debug|Any CPU.ActiveCfg = Debug|Any CPU
		{F28C2033-8142-483D-90BC-49E2C8EFEAF1}.Debug|Any CPU.Build.0 = Debug|Any CPU
		{F28C2033-8142-483D-90BC-49E2C8EFEAF1}.Release|Any CPU.ActiveCfg = Release|Any CPU
		{F28C2033-8142-483D-90BC-49E2C8EFEAF1}.Release|Any CPU.Build.0 = Release|Any CPU
	EndGlobalSection
EndGlobal
