
Microsoft Visual Studio Solution File, Format Version 12.00
Project("{FAE04EC0-301F-11D3-BF4B-00C04F79EFBC}") = "A1 Pierwszy program", "A1 Pierwszy program\A1 Pierwszy program.csproj", "{BA514C8B-7863-4A53-BFFE-C2AF00224D43}"
EndProject
Project("{FAE04EC0-301F-11D3-BF4B-00C04F79EFBC}") = "A2 Komentarze", "A2 Komentarze\A2 Komentarze.csproj", "{EF73D02A-2C3D-46B0-A474-C3F802F467B0}"
EndProject
Project("{FAE04EC0-301F-11D3-BF4B-00C04F79EFBC}") = "B1 Zmienne", "B1 Zmienne\B1 Zmienne.csproj", "{A9588075-E60C-4969-BE61-59C37669E770}"
EndProject
Project("{FAE04EC0-301F-11D3-BF4B-00C04F79EFBC}") = "B2 Typy zmiennych", "B2 Typy zmiennych\B2 Typy zmiennych.csproj", "{2DA92A76-E720-40F0-960E-565F2FD4130E}"
EndProject
Project("{FAE04EC0-301F-11D3-BF4B-00C04F79EFBC}") = "B3 Operatory arytmetyczne", "B3 Operatory arytmetyczne\B3 Operatory arytmetyczne.csproj", "{665E44E0-0F96-4E6A-9716-2C863D8F5F75}"
EndProject
Project("{FAE04EC0-301F-11D3-BF4B-00C04F79EFBC}") = "B4 Wczytywanie danych z konsoli", "B4 Wczytywanie danych z konsoli\B4 Wczytywanie danych z konsoli.csproj", "{F543EACF-514F-420B-AB87-725E0D68ED92}"
EndProject
Global
	GlobalSection(SolutionConfigurationPlatforms) = preSolution
		Debug|Any CPU = Debug|Any CPU
		Release|Any CPU = Release|Any CPU
	EndGlobalSection
	GlobalSection(ProjectConfigurationPlatforms) = postSolution
		{BA514C8B-7863-4A53-BFFE-C2AF00224D43}.Debug|Any CPU.ActiveCfg = Debug|Any CPU
		{BA514C8B-7863-4A53-BFFE-C2AF00224D43}.Debug|Any CPU.Build.0 = Debug|Any CPU
		{BA514C8B-7863-4A53-BFFE-C2AF00224D43}.Release|Any CPU.ActiveCfg = Release|Any CPU
		{BA514C8B-7863-4A53-BFFE-C2AF00224D43}.Release|Any CPU.Build.0 = Release|Any CPU
		{EF73D02A-2C3D-46B0-A474-C3F802F467B0}.Debug|Any CPU.ActiveCfg = Debug|Any CPU
		{EF73D02A-2C3D-46B0-A474-C3F802F467B0}.Debug|Any CPU.Build.0 = Debug|Any CPU
		{EF73D02A-2C3D-46B0-A474-C3F802F467B0}.Release|Any CPU.ActiveCfg = Release|Any CPU
		{EF73D02A-2C3D-46B0-A474-C3F802F467B0}.Release|Any CPU.Build.0 = Release|Any CPU
		{A9588075-E60C-4969-BE61-59C37669E770}.Debug|Any CPU.ActiveCfg = Debug|Any CPU
		{A9588075-E60C-4969-BE61-59C37669E770}.Debug|Any CPU.Build.0 = Debug|Any CPU
		{A9588075-E60C-4969-BE61-59C37669E770}.Release|Any CPU.ActiveCfg = Release|Any CPU
		{A9588075-E60C-4969-BE61-59C37669E770}.Release|Any CPU.Build.0 = Release|Any CPU
		{2DA92A76-E720-40F0-960E-565F2FD4130E}.Debug|Any CPU.ActiveCfg = Debug|Any CPU
		{2DA92A76-E720-40F0-960E-565F2FD4130E}.Debug|Any CPU.Build.0 = Debug|Any CPU
		{2DA92A76-E720-40F0-960E-565F2FD4130E}.Release|Any CPU.ActiveCfg = Release|Any CPU
		{2DA92A76-E720-40F0-960E-565F2FD4130E}.Release|Any CPU.Build.0 = Release|Any CPU
		{665E44E0-0F96-4E6A-9716-2C863D8F5F75}.Debug|Any CPU.ActiveCfg = Debug|Any CPU
		{665E44E0-0F96-4E6A-9716-2C863D8F5F75}.Debug|Any CPU.Build.0 = Debug|Any CPU
		{665E44E0-0F96-4E6A-9716-2C863D8F5F75}.Release|Any CPU.ActiveCfg = Release|Any CPU
		{665E44E0-0F96-4E6A-9716-2C863D8F5F75}.Release|Any CPU.Build.0 = Release|Any CPU
		{F543EACF-514F-420B-AB87-725E0D68ED92}.Debug|Any CPU.ActiveCfg = Debug|Any CPU
		{F543EACF-514F-420B-AB87-725E0D68ED92}.Debug|Any CPU.Build.0 = Debug|Any CPU
		{F543EACF-514F-420B-AB87-725E0D68ED92}.Release|Any CPU.ActiveCfg = Release|Any CPU
		{F543EACF-514F-420B-AB87-725E0D68ED92}.Release|Any CPU.Build.0 = Release|Any CPU
	EndGlobalSection
EndGlobal
